
Microsoft Visual Studio Solution File, Format Version 11.00
# Visual Studio 2010
Project("{FAE04EC0-301F-11D3-BF4B-00C04F79EFBC}") = "Assembly-CSharp", "Assembly-CSharp.csproj", "{80af39b9-57a7-c607-13f5-3668a956cf44}"
EndProject
Project("{FAE04EC0-301F-11D3-BF4B-00C04F79EFBC}") = "Assembly-CSharp-Editor", "Assembly-CSharp-Editor.csproj", "{ab2a6699-0f9f-4e3a-5c1d-38b1522d0048}"
EndProject
Global
	GlobalSection(SolutionConfigurationPlatforms) = preSolution
		Debug|Any CPU = Debug|Any CPU
	EndGlobalSection
	GlobalSection(ProjectConfigurationPlatforms) = postSolution
		{80af39b9-57a7-c607-13f5-3668a956cf44}.Debug|Any CPU.ActiveCfg = Debug|Any CPU
		{80af39b9-57a7-c607-13f5-3668a956cf44}.Debug|Any CPU.Build.0 = Debug|Any CPU
		{ab2a6699-0f9f-4e3a-5c1d-38b1522d0048}.Debug|Any CPU.ActiveCfg = Debug|Any CPU
		{ab2a6699-0f9f-4e3a-5c1d-38b1522d0048}.Debug|Any CPU.Build.0 = Debug|Any CPU
	EndGlobalSection
	GlobalSection(SolutionProperties) = preSolution
		HideSolutionNode = FALSE
	EndGlobalSection
EndGlobal
